
Microsoft Visual Studio Solution File, Format Version 12.00
# Visual Studio Version 17
VisualStudioVersion = 17.7.34018.315
MinimumVisualStudioVersion = 10.0.40219.1
Project("{FAE04EC0-301F-11D3-BF4B-00C04F79EFBC}") = "ListViewHeaderContextMenu", "ListViewHeaderContextMenu.csproj", "{CFC2E35A-8270-46DA-B3DD-6AF6ED5E3DAE}"
EndProject
Global
	GlobalSection(SolutionConfigurationPlatforms) = preSolution
		Debug|Any CPU = Debug|Any CPU
		Release|Any CPU = Release|Any CPU
	EndGlobalSection
	GlobalSection(ProjectConfigurationPlatforms) = postSolution
		{CFC2E35A-8270-46DA-B3DD-6AF6ED5E3DAE}.Debug|Any CPU.ActiveCfg = Debug|Any CPU
		{CFC2E35A-8270-46DA-B3DD-6AF6ED5E3DAE}.Debug|Any CPU.Build.0 = Debug|Any CPU
		{CFC2E35A-8270-46DA-B3DD-6AF6ED5E3DAE}.Release|Any CPU.ActiveCfg = Release|Any CPU
		{CFC2E35A-8270-46DA-B3DD-6AF6ED5E3DAE}.Release|Any CPU.Build.0 = Release|Any CPU
	EndGlobalSection
	GlobalSection(SolutionProperties) = preSolution
		HideSolutionNode = FALSE
	EndGlobalSection
	GlobalSection(ExtensibilityGlobals) = postSolution
		SolutionGuid = {CCC14159-3152-4D2F-9C82-B62227756A55}
	EndGlobalSection
EndGlobal
